
Microsoft Visual Studio Solution File, Format Version 12.00
# Visual Studio Version 17
VisualStudioVersion = 17.3.32922.545
MinimumVisualStudioVersion = 10.0.40219.1
Project("{FAE04EC0-301F-11D3-BF4B-00C04F79EFBC}") = "oop__", "oop__\oop__.csproj", "{1526B130-D262-4B7F-AA60-556B4D785528}"
EndProject
Global
	GlobalSection(SolutionConfigurationPlatforms) = preSolution
		Debug|Any CPU = Debug|Any CPU
		Release|Any CPU = Release|Any CPU
	EndGlobalSection
	GlobalSection(ProjectConfigurationPlatforms) = postSolution
		{1526B130-D262-4B7F-AA60-556B4D785528}.Debug|Any CPU.ActiveCfg = Debug|Any CPU
		{1526B130-D262-4B7F-AA60-556B4D785528}.Debug|Any CPU.Build.0 = Debug|Any CPU
		{1526B130-D262-4B7F-AA60-556B4D785528}.Release|Any CPU.ActiveCfg = Release|Any CPU
		{1526B130-D262-4B7F-AA60-556B4D785528}.Release|Any CPU.Build.0 = Release|Any CPU
	EndGlobalSection
	GlobalSection(SolutionProperties) = preSolution
		HideSolutionNode = FALSE
	EndGlobalSection
	GlobalSection(ExtensibilityGlobals) = postSolution
		SolutionGuid = {B1881FD3-3D93-4ECC-934C-65F2BF336570}
	EndGlobalSection
EndGlobal
